
Microsoft Visual Studio Solution File, Format Version 12.00
# Visual Studio Version 17
VisualStudioVersion = 17.6.33829.357
MinimumVisualStudioVersion = 10.0.40219.1
Project("{FAE04EC0-301F-11D3-BF4B-00C04F79EFBC}") = "00011725", "00011725\00011725.csproj", "{16626306-843C-476C-9582-43AB29B1FF82}"
EndProject
Global
	GlobalSection(SolutionConfigurationPlatforms) = preSolution
		Debug|Any CPU = Debug|Any CPU
		Release|Any CPU = Release|Any CPU
	EndGlobalSection
	GlobalSection(ProjectConfigurationPlatforms) = postSolution
		{16626306-843C-476C-9582-43AB29B1FF82}.Debug|Any CPU.ActiveCfg = Debug|Any CPU
		{16626306-843C-476C-9582-43AB29B1FF82}.Debug|Any CPU.Build.0 = Debug|Any CPU
		{16626306-843C-476C-9582-43AB29B1FF82}.Release|Any CPU.ActiveCfg = Release|Any CPU
		{16626306-843C-476C-9582-43AB29B1FF82}.Release|Any CPU.Build.0 = Release|Any CPU
	EndGlobalSection
	GlobalSection(SolutionProperties) = preSolution
		HideSolutionNode = FALSE
	EndGlobalSection
	GlobalSection(ExtensibilityGlobals) = postSolution
		SolutionGuid = {391BFC1A-D281-44BA-881D-09CE9CB4720A}
	EndGlobalSection
EndGlobal
